
Microsoft Visual Studio Solution File, Format Version 12.00
# Visual Studio Version 17
VisualStudioVersion = 17.5.33516.290
MinimumVisualStudioVersion = 10.0.40219.1
Project("{FAE04EC0-301F-11D3-BF4B-00C04F79EFBC}") = "DeckDrawHW1", "DeckDrawHW1.csproj", "{CDBBAACB-B436-4CA6-9B15-1E4CB53FD165}"
EndProject
Global
	GlobalSection(SolutionConfigurationPlatforms) = preSolution
		Debug|Any CPU = Debug|Any CPU
		Release|Any CPU = Release|Any CPU
	EndGlobalSection
	GlobalSection(ProjectConfigurationPlatforms) = postSolution
		{CDBBAACB-B436-4CA6-9B15-1E4CB53FD165}.Debug|Any CPU.ActiveCfg = Debug|Any CPU
		{CDBBAACB-B436-4CA6-9B15-1E4CB53FD165}.Debug|Any CPU.Build.0 = Debug|Any CPU
		{CDBBAACB-B436-4CA6-9B15-1E4CB53FD165}.Release|Any CPU.ActiveCfg = Release|Any CPU
		{CDBBAACB-B436-4CA6-9B15-1E4CB53FD165}.Release|Any CPU.Build.0 = Release|Any CPU
	EndGlobalSection
	GlobalSection(SolutionProperties) = preSolution
		HideSolutionNode = FALSE
	EndGlobalSection
	GlobalSection(ExtensibilityGlobals) = postSolution
		SolutionGuid = {5A0F4679-9D52-4F77-9E3D-94C2441CCB18}
	EndGlobalSection
EndGlobal
